
Microsoft Visual Studio Solution File, Format Version 12.00
# Visual Studio Version 16
VisualStudioVersion = 16.0.32929.386
MinimumVisualStudioVersion = 10.0.40219.1
Project("{FAE04EC0-301F-11D3-BF4B-00C04F79EFBC}") = "WindowsFormsApp1", "WindowsFormsApp1\WindowsFormsApp1.csproj", "{4F8AFB9E-BCAB-466E-8F89-D692CF929142}"
EndProject
Global
	GlobalSection(SolutionConfigurationPlatforms) = preSolution
		Debug|Any CPU = Debug|Any CPU
		Release|Any CPU = Release|Any CPU
	EndGlobalSection
	GlobalSection(ProjectConfigurationPlatforms) = postSolution
		{4F8AFB9E-BCAB-466E-8F89-D692CF929142}.Debug|Any CPU.ActiveCfg = Debug|Any CPU
		{4F8AFB9E-BCAB-466E-8F89-D692CF929142}.Debug|Any CPU.Build.0 = Debug|Any CPU
		{4F8AFB9E-BCAB-466E-8F89-D692CF929142}.Release|Any CPU.ActiveCfg = Release|Any CPU
		{4F8AFB9E-BCAB-466E-8F89-D692CF929142}.Release|Any CPU.Build.0 = Release|Any CPU
	EndGlobalSection
	GlobalSection(SolutionProperties) = preSolution
		HideSolutionNode = FALSE
	EndGlobalSection
	GlobalSection(ExtensibilityGlobals) = postSolution
		SolutionGuid = {0682578E-21E6-458A-936A-4F97038A5928}
	EndGlobalSection
EndGlobal
